
Microsoft Visual Studio Solution File, Format Version 12.00
# Visual Studio 15
VisualStudioVersion = 15.0.27130.2024
MinimumVisualStudioVersion = 10.0.40219.1
Project("{FAE04EC0-301F-11D3-BF4B-00C04F79EFBC}") = "DropboxUpload", "ClassLibrary1\DropboxUpload.csproj", "{693B34D7-38F1-4F6A-B0B1-1F892D4F751E}"
EndProject
Project("{FAE04EC0-301F-11D3-BF4B-00C04F79EFBC}") = "MusicTeacherGUI", "MusicTeacherGUI\MusicTeacherGUI.csproj", "{66E82B38-A6A0-4EA2-A304-78FADD9E8F49}"
EndProject
Project("{FAE04EC0-301F-11D3-BF4B-00C04F79EFBC}") = "MusicTeacherAppDatabaseAccess", "MusicTeacherAppDatabaseAccess\MusicTeacherAppDatabaseAccess.csproj", "{0C28EB21-CB47-4D8F-AC0A-64BB8E5BB834}"
EndProject
Global
	GlobalSection(SolutionConfigurationPlatforms) = preSolution
		Debug|Any CPU = Debug|Any CPU
		Release|Any CPU = Release|Any CPU
	EndGlobalSection
	GlobalSection(ProjectConfigurationPlatforms) = postSolution
		{693B34D7-38F1-4F6A-B0B1-1F892D4F751E}.Debug|Any CPU.ActiveCfg = Debug|Any CPU
		{693B34D7-38F1-4F6A-B0B1-1F892D4F751E}.Debug|Any CPU.Build.0 = Debug|Any CPU
		{693B34D7-38F1-4F6A-B0B1-1F892D4F751E}.Release|Any CPU.ActiveCfg = Release|Any CPU
		{693B34D7-38F1-4F6A-B0B1-1F892D4F751E}.Release|Any CPU.Build.0 = Release|Any CPU
		{66E82B38-A6A0-4EA2-A304-78FADD9E8F49}.Debug|Any CPU.ActiveCfg = Debug|Any CPU
		{66E82B38-A6A0-4EA2-A304-78FADD9E8F49}.Debug|Any CPU.Build.0 = Debug|Any CPU
		{66E82B38-A6A0-4EA2-A304-78FADD9E8F49}.Release|Any CPU.ActiveCfg = Release|Any CPU
		{66E82B38-A6A0-4EA2-A304-78FADD9E8F49}.Release|Any CPU.Build.0 = Release|Any CPU
		{0C28EB21-CB47-4D8F-AC0A-64BB8E5BB834}.Debug|Any CPU.ActiveCfg = Debug|Any CPU
		{0C28EB21-CB47-4D8F-AC0A-64BB8E5BB834}.Debug|Any CPU.Build.0 = Debug|Any CPU
		{0C28EB21-CB47-4D8F-AC0A-64BB8E5BB834}.Release|Any CPU.ActiveCfg = Release|Any CPU
		{0C28EB21-CB47-4D8F-AC0A-64BB8E5BB834}.Release|Any CPU.Build.0 = Release|Any CPU
	EndGlobalSection
	GlobalSection(SolutionProperties) = preSolution
		HideSolutionNode = FALSE
	EndGlobalSection
	GlobalSection(ExtensibilityGlobals) = postSolution
		SolutionGuid = {EBD87009-2859-4B89-8556-F1866ED8639A}
	EndGlobalSection
EndGlobal
